PODS:
  - Flutter (1.0.0)
  - listentocontacts (0.0.1):
    - Flutter
  - "permission_handler (5.0.1+1)":
    - Flutter

DEPENDENCIES:
  - Flutter (from `Flutter`)
  - listentocontacts (from `.symlinks/plugins/listentocontacts/ios`)
  - permission_handler (from `.symlinks/plugins/permission_handler/ios`)

EXTERNAL SOURCES:
  Flutter:
    :path: Flutter
  listentocontacts:
    :path: ".symlinks/plugins/listentocontacts/ios"
  permission_handler:
    :path: ".symlinks/plugins/permission_handler/ios"

SPEC CHECKSUMS:
  Flutter: 0e3d915762c693b495b44d77113d4970485de6ec
  listentocontacts: 7488f33651357799e40b0abf84c98372b5348aaa
  permission_handler: eac8e15b4a1a3fba55b761d19f3f4e6b005d15b6

PODFILE CHECKSUM: c34e2287a9ccaa606aeceab922830efb9a6ff69a

COCOAPODS: 1.9.3
